
Microsoft Visual Studio Solution File, Format Version 12.00
# Visual Studio 15
VisualStudioVersion = 15.0.27004.2008
MinimumVisualStudioVersion = 10.0.40219.1
Project("{9A19103F-16F7-4668-BE54-9A1E7A4F7556}") = "HelloLambda", "HelloLambda\HelloLambda.csproj", "{61D960BC-673C-463E-9383-9262BDEBE86E}"
EndProject
Global
	GlobalSection(SolutionConfigurationPlatforms) = preSolution
		Debug|Any CPU = Debug|Any CPU
		Release|Any CPU = Release|Any CPU
	EndGlobalSection
	GlobalSection(ProjectConfigurationPlatforms) = postSolution
		{61D960BC-673C-463E-9383-9262BDEBE86E}.Debug|Any CPU.ActiveCfg = Debug|Any CPU
		{61D960BC-673C-463E-9383-9262BDEBE86E}.Debug|Any CPU.Build.0 = Debug|Any CPU
		{61D960BC-673C-463E-9383-9262BDEBE86E}.Release|Any CPU.ActiveCfg = Release|Any CPU
		{61D960BC-673C-463E-9383-9262BDEBE86E}.Release|Any CPU.Build.0 = Release|Any CPU
	EndGlobalSection
	GlobalSection(SolutionProperties) = preSolution
		HideSolutionNode = FALSE
	EndGlobalSection
	GlobalSection(ExtensibilityGlobals) = postSolution
		SolutionGuid = {A08E61C4-BFF5-48B5-A849-402C3975C8D7}
	EndGlobalSection
EndGlobal
